
Microsoft Visual Studio Solution File, Format Version 12.00
# Visual Studio Version 17
VisualStudioVersion = 17.11.35222.181
MinimumVisualStudioVersion = 10.0.40219.1
Project("{FAE04EC0-301F-11D3-BF4B-00C04F79EFBC}") = "Bibliotheca", "Bibliotheca.csproj", "{7A0495F5-09C9-4AD0-948D-3D3B632BE31A}"
EndProject
Project("{FAE04EC0-301F-11D3-BF4B-00C04F79EFBC}") = "Bibliotheca.Backend", "Bibliotheca.Backend\Bibliotheca.Backend.csproj", "{07E61552-0785-4E7F-9DC3-2EF8C113E73A}"
EndProject
Global
	GlobalSection(SolutionConfigurationPlatforms) = preSolution
		Debug|Any CPU = Debug|Any CPU
		Release|Any CPU = Release|Any CPU
	EndGlobalSection
	GlobalSection(ProjectConfigurationPlatforms) = postSolution
		{7A0495F5-09C9-4AD0-948D-3D3B632BE31A}.Debug|Any CPU.ActiveCfg = Debug|Any CPU
		{7A0495F5-09C9-4AD0-948D-3D3B632BE31A}.Debug|Any CPU.Build.0 = Debug|Any CPU
		{7A0495F5-09C9-4AD0-948D-3D3B632BE31A}.Release|Any CPU.ActiveCfg = Release|Any CPU
		{7A0495F5-09C9-4AD0-948D-3D3B632BE31A}.Release|Any CPU.Build.0 = Release|Any CPU
		{07E61552-0785-4E7F-9DC3-2EF8C113E73A}.Debug|Any CPU.ActiveCfg = Debug|Any CPU
		{07E61552-0785-4E7F-9DC3-2EF8C113E73A}.Debug|Any CPU.Build.0 = Debug|Any CPU
		{07E61552-0785-4E7F-9DC3-2EF8C113E73A}.Release|Any CPU.ActiveCfg = Release|Any CPU
		{07E61552-0785-4E7F-9DC3-2EF8C113E73A}.Release|Any CPU.Build.0 = Release|Any CPU
	EndGlobalSection
	GlobalSection(SolutionProperties) = preSolution
		HideSolutionNode = FALSE
	EndGlobalSection
	GlobalSection(ExtensibilityGlobals) = postSolution
		SolutionGuid = {5B00B60F-5191-4020-9948-656B89CB3CB0}
	EndGlobalSection
EndGlobal
